
Microsoft Visual Studio Solution File, Format Version 12.00
# Visual Studio Version 16
VisualStudioVersion = 16.0.29806.167
MinimumVisualStudioVersion = 10.0.40219.1
Project("{FAE04EC0-301F-11D3-BF4B-00C04F79EFBC}") = "lol", "lol\lol.csproj", "{BD85901F-C4FE-4362-80F4-6C804918DD7D}"
EndProject
Global
	GlobalSection(SolutionConfigurationPlatforms) = preSolution
		Debug|Any CPU = Debug|Any CPU
		Release|Any CPU = Release|Any CPU
	EndGlobalSection
	GlobalSection(ProjectConfigurationPlatforms) = postSolution
		{BD85901F-C4FE-4362-80F4-6C804918DD7D}.Debug|Any CPU.ActiveCfg = Debug|Any CPU
		{BD85901F-C4FE-4362-80F4-6C804918DD7D}.Debug|Any CPU.Build.0 = Debug|Any CPU
		{BD85901F-C4FE-4362-80F4-6C804918DD7D}.Release|Any CPU.ActiveCfg = Release|Any CPU
		{BD85901F-C4FE-4362-80F4-6C804918DD7D}.Release|Any CPU.Build.0 = Release|Any CPU
	EndGlobalSection
	GlobalSection(SolutionProperties) = preSolution
		HideSolutionNode = FALSE
	EndGlobalSection
	GlobalSection(ExtensibilityGlobals) = postSolution
		SolutionGuid = {C92A2336-41F8-43F6-AD95-E4F6C8DF3380}
	EndGlobalSection
EndGlobal
